{
  "name": "firefly-dependent-test1",
  "version": "1.0.1",
  "lockfileVersion": 1,
  "requires": true,
  "dependencies": {
    "firefly-dependent-test2": {
      "version": "1.0.0",
      "resolved": "https://registry.npmjs.org/firefly-dependent-test2/-/firefly-dependent-test2-1.0.0.tgz",
      "integrity": "sha512-EizEBqVJTrmBUwHkz3bmHa8Kq6nF4jaPuF7CZPlE4AMPUs978hXC6s9dXY+DghxnmAKTQfRU9/qy4+OMqtlz+w=="
    }
  }
}
