{
  "name": "firefly-dependent-main",
  "version": "1.0.0",
  "lockfileVersion": 1,
  "requires": true,
  "dependencies": {
    "firefly-dependent-test1": {
      "version": "4.0.2",
      "resolved": "https://registry.npmjs.org/firefly-dependent-test1/-/firefly-dependent-test1-4.0.2.tgz",
      "integrity": "sha512-HusyuBX4zzlROhKOVS4bErBUS4nbwJhWadYPfhpl+vYhfzOdbnW4TRBgmZTCi12Rxgop/vPj6A4F6tiYlj+uVQ==",
      "requires": {
        "firefly-dependent-test2": "^3.0.0"
      },
      "dependencies": {
        "firefly-dependent-test1": {
          "version": "2.0.2",
          "resolved": "https://registry.npmjs.org/firefly-dependent-test1/-/firefly-dependent-test1-2.0.2.tgz",
          "integrity": "sha512-cJNF178DnuvfAb+G0MUl5+n8ch58xlhFLPS9C/ValjxQfa/fXzYvzr5c2JRk9aZxYtayvkKxE5UtusR65BI67A==",
          "requires": {
            "firefly-dependent-test2": "^3.0.0"
          }
        },
        "firefly-dependent-test2": {
          "version": "3.0.2",
          "resolved": "https://registry.npmjs.org/firefly-dependent-test2/-/firefly-dependent-test2-3.0.2.tgz",
          "integrity": "sha512-sgFr0lwz+h15Tw1TcVQQhwNmIV4mKy2DzM/fL2gQ+DMk17bhIh7x9tx2ots8IvG8J1aRZTctxDEZbYZ2bFEyng=="
        }
      }
    },
    "firefly-dependent-test2": {
      "version": "4.0.2",
      "resolved": "https://registry.npmjs.org/firefly-dependent-test2/-/firefly-dependent-test2-4.0.2.tgz",
      "integrity": "sha512-sX/jT8J9AAagvh50JzR5vR6/neEr0iX23tZwaM3Ow5RVyw2UpGrcO7daaHg/uHPzuOC5SDvo94w24602qrnxAw==",
      "requires": {
        "firefly-dependent-test1": "^2.0.0"
      },
      "dependencies": {
        "firefly-dependent-test1": {
          "version": "2.0.2",
          "resolved": "https://registry.npmjs.org/firefly-dependent-test1/-/firefly-dependent-test1-2.0.2.tgz",
          "integrity": "sha512-cJNF178DnuvfAb+G0MUl5+n8ch58xlhFLPS9C/ValjxQfa/fXzYvzr5c2JRk9aZxYtayvkKxE5UtusR65BI67A=="
        },
        "firefly-dependent-test2": {
          "version": "3.0.2",
          "resolved": "https://registry.npmjs.org/firefly-dependent-test2/-/firefly-dependent-test2-3.0.2.tgz",
          "integrity": "sha512-sgFr0lwz+h15Tw1TcVQQhwNmIV4mKy2DzM/fL2gQ+DMk17bhIh7x9tx2ots8IvG8J1aRZTctxDEZbYZ2bFEyng==",
          "requires": {
            "firefly-dependent-test1": "^2.0.0"
          }
        }
      }
    }
  }
}
