{
  "name": "firefly-dependent-test2",
  "version": "3.0.2",
  "lockfileVersion": 1,
  "requires": true,
  "dependencies": {
    "firefly-dependent-test1": {
      "version": "2.0.1",
      "resolved": "https://registry.npmjs.org/firefly-dependent-test1/-/firefly-dependent-test1-2.0.1.tgz",
      "integrity": "sha512-ZMhvI6pcDT/JA92+c6TKDU8iL8X7LNWqqqYoFNH7ri5h3gyKx8lEA9FMrlqTQft+0gRcPSdOH6Dd6XemA24zng==",
      "requires": {
        "firefly-dependent-test2": "^1.0.0"
      }
    },
    "firefly-dependent-test2": {
      "version": "1.0.2",
      "resolved": "https://registry.npmjs.org/firefly-dependent-test2/-/firefly-dependent-test2-1.0.2.tgz",
      "integrity": "sha512-a/aqVPL/Ogl3Ialrpv2VqA6rk9jOWZJMdYGcFvuEUFLwohx/FtOo6Nrn7rfiCEWYhW8yzJk2UZGNnA1y5uz5Iw==",
      "requires": {
        "firefly-dependent-test1": "^2.0.0"
      }
    }
  }
}
